# THIS IS AN AUTOGENERATED FILE. DO NOT EDIT THIS FILE DIRECTLY.
# yarn lockfile v1


dequal@2.0.2:
  version "2.0.2"
  resolved "https://registry.yarnpkg.com/dequal/-/dequal-2.0.2.tgz#85ca22025e3a87e65ef75a7a437b35284a7e319d"
  integrity sha512-q9K8BlJVxK7hQYqa6XISGmBZbtQQWVXSrRrWreHC94rMt1QL/Impruc+7p2CYSYuVIUr+YCt6hjrs1kkdJRTug==

swr@0.5.6:
  version "0.5.6"
  resolved "https://registry.yarnpkg.com/swr/-/swr-0.5.6.tgz#70bfe9bc9d7ac49a064be4a0f4acf57982e55a31"
  integrity sha512-Bmx3L4geMZjYT5S2Z6EE6/5Cx6v1Ka0LhqZKq8d6WL2eu9y6gHWz3dUzfIK/ymZVHVfwT/EweFXiYGgfifei3w==
  dependencies:
    dequal "2.0.2"
